// !$*UTF8*$!
{
	archiveVersion = 1;
	classes = {
	};
	objectVersion = 46;
	objects = {

/* Begin PBXBuildFile section */
		4906DE631DE2C75900891D1E /* AZZJiraProjectListCell.m in Sources */ = {isa = PBXBuildFile; fileRef = 4906DE621DE2C75900891D1E /* AZZJiraProjectListCell.m */; };
		49D93A231DDEE5180074E00D /* AZZJiraProjectsModel.m in Sources */ = {isa = PBXBuildFile; fileRef = 49D93A221DDEE5180074E00D /* AZZJiraProjectsModel.m */; };
		49D93A271DDEE93B0074E00D /* AZZJiraProjectsListViewController.m in Sources */ = {isa = PBXBuildFile; fileRef = 49D93A261DDEE93B0074E00D /* AZZJiraProjectsListViewController.m */; };
		49D93A2A1DDEFCEF0074E00D /* layout-placeholder.png in Resources */ = {isa = PBXBuildFile; fileRef = 49D93A291DDEFCEF0074E00D /* layout-placeholder.png */; };
		49D93A341DDF04220074E00D /* AZZJiraLoginViewController.m in Sources */ = {isa = PBXBuildFile; fileRef = 49D93A331DDF04220074E00D /* AZZJiraLoginViewController.m */; };
		49D93A391DDF04340074E00D /* AZZWindow.m in Sources */ = {isa = PBXBuildFile; fileRef = 49D93A361DDF04340074E00D /* AZZWindow.m */; };
		49D93A3A1DDF04340074E00D /* UIWindow+SendEvent.m in Sources */ = {isa = PBXBuildFile; fileRef = 49D93A381DDF04340074E00D /* UIWindow+SendEvent.m */; };
		49D93A441DDF04410074E00D /* AZZJiraClient.m in Sources */ = {isa = PBXBuildFile; fileRef = 49D93A3D1DDF04410074E00D /* AZZJiraClient.m */; };
		49D93A451DDF04410074E00D /* AZZTouch.m in Sources */ = {isa = PBXBuildFile; fileRef = 49D93A411DDF04410074E00D /* AZZTouch.m */; };
		49D93A461DDF04410074E00D /* AZZTouchesCollector.m in Sources */ = {isa = PBXBuildFile; fileRef = 49D93A431DDF04410074E00D /* AZZTouchesCollector.m */; };
		49ED14871DD452C90000207A /* main.m in Sources */ = {isa = PBXBuildFile; fileRef = 49ED14861DD452C90000207A /* main.m */; };
		49ED148A1DD452C90000207A /* AppDelegate.m in Sources */ = {isa = PBXBuildFile; fileRef = 49ED14891DD452C90000207A /* AppDelegate.m */; };
		49ED148D1DD452C90000207A /* ViewController.m in Sources */ = {isa = PBXBuildFile; fileRef = 49ED148C1DD452C90000207A /* ViewController.m */; };
		49ED14901DD452C90000207A /* Main.storyboard in Resources */ = {isa = PBXBuildFile; fileRef = 49ED148E1DD452C90000207A /* Main.storyboard */; };
		49ED14921DD452C90000207A /* Assets.xcassets in Resources */ = {isa = PBXBuildFile; fileRef = 49ED14911DD452C90000207A /* Assets.xcassets */; };
		49ED14951DD452C90000207A /* LaunchScreen.storyboard in Resources */ = {isa = PBXBuildFile; fileRef = 49ED14931DD452C90000207A /* LaunchScreen.storyboard */; };
		D75F465EA99FA827A7F1FFD3 /* libPods-BugReporter.a in Frameworks */ = {isa = PBXBuildFile; fileRef = 0965C43283F5966068DCED24 /* libPods-BugReporter.a */; };
/* End PBXBuildFile section */

/* Begin PBXFileReference section */
		0965C43283F5966068DCED24 /* libPods-BugReporter.a */ = {isa = PBXFileReference; explicitFileType = archive.ar; includeInIndex = 0; path = "libPods-BugReporter.a"; sourceTree = BUILT_PRODUCTS_DIR; };
		33FB23EE2FA9F0F9266DE158 /* Pods-BugReporter.debug.xcconfig */ = {isa = PBXFileReference; includeInIndex = 1; lastKnownFileType = text.xcconfig; name = "Pods-BugReporter.debug.xcconfig"; path = "Pods/Target Support Files/Pods-BugReporter/Pods-BugReporter.debug.xcconfig"; sourceTree = "<group>"; };
		4906DE611DE2C75900891D1E /* AZZJiraProjectListCell.h */ = {isa = PBXFileReference; fileEncoding = 4; lastKnownFileType = sourcecode.c.h; name = AZZJiraProjectListCell.h; path = Classes/View/AZZJiraProjectListCell.h; sourceTree = SOURCE_ROOT; };
		4906DE621DE2C75900891D1E /* AZZJiraProjectListCell.m */ = {isa = PBXFileReference; fileEncoding = 4; lastKnownFileType = sourcecode.c.objc; name = AZZJiraProjectListCell.m; path = Classes/View/AZZJiraProjectListCell.m; sourceTree = SOURCE_ROOT; };
		49D93A211DDEE5180074E00D /* AZZJiraProjectsModel.h */ = {isa = PBXFileReference; fileEncoding = 4; lastKnownFileType = sourcecode.c.h; name = AZZJiraProjectsModel.h; path = Classes/Model/AZZJiraProjectsModel.h; sourceTree = SOURCE_ROOT; };
		49D93A221DDEE5180074E00D /* AZZJiraProjectsModel.m */ = {isa = PBXFileReference; fileEncoding = 4; lastKnownFileType = sourcecode.c.objc; name = AZZJiraProjectsModel.m; path = Classes/Model/AZZJiraProjectsModel.m; sourceTree = SOURCE_ROOT; };
		49D93A251DDEE93B0074E00D /* AZZJiraProjectsListViewController.h */ = {isa = PBXFileReference; fileEncoding = 4; lastKnownFileType = sourcecode.c.h; name = AZZJiraProjectsListViewController.h; path = Classes/ViewController/AZZJiraProjectsListViewController.h; sourceTree = SOURCE_ROOT; };
		49D93A261DDEE93B0074E00D /* AZZJiraProjectsListViewController.m */ = {isa = PBXFileReference; fileEncoding = 4; lastKnownFileType = sourcecode.c.objc; name = AZZJiraProjectsListViewController.m; path = Classes/ViewController/AZZJiraProjectsListViewController.m; sourceTree = SOURCE_ROOT; };
		49D93A291DDEFCEF0074E00D /* layout-placeholder.png */ = {isa = PBXFileReference; lastKnownFileType = image.png; path = "layout-placeholder.png"; sourceTree = "<group>"; };
		49D93A321DDF04220074E00D /* AZZJiraLoginViewController.h */ = {isa = PBXFileReference; fileEncoding = 4; lastKnownFileType = sourcecode.c.h; name = AZZJiraLoginViewController.h; path = Classes/ViewController/AZZJiraLoginViewController.h; sourceTree = SOURCE_ROOT; };
		49D93A331DDF04220074E00D /* AZZJiraLoginViewController.m */ = {isa = PBXFileReference; fileEncoding = 4; lastKnownFileType = sourcecode.c.objc; name = AZZJiraLoginViewController.m; path = Classes/ViewController/AZZJiraLoginViewController.m; sourceTree = SOURCE_ROOT; };
		49D93A351DDF04340074E00D /* AZZWindow.h */ = {isa = PBXFileReference; fileEncoding = 4; lastKnownFileType = sourcecode.c.h; name = AZZWindow.h; path = Classes/Window/AZZWindow.h; sourceTree = SOURCE_ROOT; };
		49D93A361DDF04340074E00D /* AZZWindow.m */ = {isa = PBXFileReference; fileEncoding = 4; lastKnownFileType = sourcecode.c.objc; name = AZZWindow.m; path = Classes/Window/AZZWindow.m; sourceTree = SOURCE_ROOT; };
		49D93A371DDF04340074E00D /* UIWindow+SendEvent.h */ = {isa = PBXFileReference; fileEncoding = 4; lastKnownFileType = sourcecode.c.h; name = "UIWindow+SendEvent.h"; path = "Classes/Window/UIWindow+SendEvent.h"; sourceTree = SOURCE_ROOT; };
		49D93A381DDF04340074E00D /* UIWindow+SendEvent.m */ = {isa = PBXFileReference; fileEncoding = 4; lastKnownFileType = sourcecode.c.objc; name = "UIWindow+SendEvent.m"; path = "Classes/Window/UIWindow+SendEvent.m"; sourceTree = SOURCE_ROOT; };
		49D93A3C1DDF04410074E00D /* AZZJiraClient.h */ = {isa = PBXFileReference; fileEncoding = 4; lastKnownFileType = sourcecode.c.h; path = AZZJiraClient.h; sourceTree = "<group>"; };
		49D93A3D1DDF04410074E00D /* AZZJiraClient.m */ = {isa = PBXFileReference; fileEncoding = 4; lastKnownFileType = sourcecode.c.objc; path = AZZJiraClient.m; sourceTree = "<group>"; };
		49D93A3E1DDF04410074E00D /* AZZJiraConfiguration.h */ = {isa = PBXFileReference; fileEncoding = 4; lastKnownFileType = sourcecode.c.h; path = AZZJiraConfiguration.h; sourceTree = "<group>"; };
		49D93A401DDF04410074E00D /* AZZTouch.h */ = {isa = PBXFileReference; fileEncoding = 4; lastKnownFileType = sourcecode.c.h; path = AZZTouch.h; sourceTree = "<group>"; };
		49D93A411DDF04410074E00D /* AZZTouch.m */ = {isa = PBXFileReference; fileEncoding = 4; lastKnownFileType = sourcecode.c.objc; path = AZZTouch.m; sourceTree = "<group>"; };
		49D93A421DDF04410074E00D /* AZZTouchesCollector.h */ = {isa = PBXFileReference; fileEncoding = 4; lastKnownFileType = sourcecode.c.h; path = AZZTouchesCollector.h; sourceTree = "<group>"; };
		49D93A431DDF04410074E00D /* AZZTouchesCollector.m */ = {isa = PBXFileReference; fileEncoding = 4; lastKnownFileType = sourcecode.c.objc; path = AZZTouchesCollector.m; sourceTree = "<group>"; };
		49ED14821DD452C90000207A /* BugReporter.app */ = {isa = PBXFileReference; explicitFileType = wrapper.application; includeInIndex = 0; path = BugReporter.app; sourceTree = BUILT_PRODUCTS_DIR; };
		49ED14861DD452C90000207A /* main.m */ = {isa = PBXFileReference; lastKnownFileType = sourcecode.c.objc; path = main.m; sourceTree = "<group>"; };
		49ED14881DD452C90000207A /* AppDelegate.h */ = {isa = PBXFileReference; lastKnownFileType = sourcecode.c.h; path = AppDelegate.h; sourceTree = "<group>"; };
		49ED14891DD452C90000207A /* AppDelegate.m */ = {isa = PBXFileReference; lastKnownFileType = sourcecode.c.objc; path = AppDelegate.m; sourceTree = "<group>"; };
		49ED148B1DD452C90000207A /* ViewController.h */ = {isa = PBXFileReference; lastKnownFileType = sourcecode.c.h; path = ViewController.h; sourceTree = "<group>"; };
		49ED148C1DD452C90000207A /* ViewController.m */ = {isa = PBXFileReference; lastKnownFileType = sourcecode.c.objc; path = ViewController.m; sourceTree = "<group>"; };
		49ED148F1DD452C90000207A /* Base */ = {isa = PBXFileReference; lastKnownFileType = file.storyboard; name = Base; path = Base.lproj/Main.storyboard; sourceTree = "<group>"; };
		49ED14911DD452C90000207A /* Assets.xcassets */ = {isa = PBXFileReference; lastKnownFileType = folder.assetcatalog; path = Assets.xcassets; sourceTree = "<group>"; };
		49ED14941DD452C90000207A /* Base */ = {isa = PBXFileReference; lastKnownFileType = file.storyboard; name = Base; path = Base.lproj/LaunchScreen.storyboard; sourceTree = "<group>"; };
		49ED14961DD452C90000207A /* Info.plist */ = {isa = PBXFileReference; lastKnownFileType = text.plist.xml; path = Info.plist; sourceTree = "<group>"; };
		8957BAEEAE49460388B3B423 /* Pods-BugReporter.release.xcconfig */ = {isa = PBXFileReference; includeInIndex = 1; lastKnownFileType = text.xcconfig; name = "Pods-BugReporter.release.xcconfig"; path = "Pods/Target Support Files/Pods-BugReporter/Pods-BugReporter.release.xcconfig"; sourceTree = "<group>"; };
/* End PBXFileReference section */

/* Begin PBXFrameworksBuildPhase section */
		49ED147F1DD452C90000207A /* Frameworks */ = {
			isa = PBXFrameworksBuildPhase;
			buildActionMask = 2147483647;
			files = (
				D75F465EA99FA827A7F1FFD3 /* libPods-BugReporter.a in Frameworks */,
			);
			runOnlyForDeploymentPostprocessing = 0;
		};
/* End PBXFrameworksBuildPhase section */

/* Begin PBXGroup section */
		137DFD94EB311CFF722A125D /* Pods */ = {
			isa = PBXGroup;
			children = (
				33FB23EE2FA9F0F9266DE158 /* Pods-BugReporter.debug.xcconfig */,
				8957BAEEAE49460388B3B423 /* Pods-BugReporter.release.xcconfig */,
			);
			name = Pods;
			sourceTree = "<group>";
		};
		432280B912E5E321E4AECF7C /* Frameworks */ = {
			isa = PBXGroup;
			children = (
				0965C43283F5966068DCED24 /* libPods-BugReporter.a */,
			);
			name = Frameworks;
			sourceTree = "<group>";
		};
		4906DE641DE2C76000891D1E /* View */ = {
			isa = PBXGroup;
			children = (
				4906DE611DE2C75900891D1E /* AZZJiraProjectListCell.h */,
				4906DE621DE2C75900891D1E /* AZZJiraProjectListCell.m */,
			);
			name = View;
			sourceTree = "<group>";
		};
		49D93A0F1DDEABE90074E00D /* AZBugReporter */ = {
			isa = PBXGroup;
			children = (
				49D93A3B1DDF04410074E00D /* Network */,
				49D93A3F1DDF04410074E00D /* TouchesCollector */,
				49D93A281DDEFCEF0074E00D /* resources */,
				49D93A181DDECFAC0074E00D /* Window */,
				49D93A241DDEE51C0074E00D /* Model */,
				4906DE641DE2C76000891D1E /* View */,
				49D93A1D1DDEE2BD0074E00D /* ViewControllers */,
			);
			name = AZBugReporter;
			sourceTree = "<group>";
		};
		49D93A181DDECFAC0074E00D /* Window */ = {
			isa = PBXGroup;
			children = (
				49D93A351DDF04340074E00D /* AZZWindow.h */,
				49D93A361DDF04340074E00D /* AZZWindow.m */,
				49D93A371DDF04340074E00D /* UIWindow+SendEvent.h */,
				49D93A381DDF04340074E00D /* UIWindow+SendEvent.m */,
			);
			name = Window;
			sourceTree = "<group>";
		};
		49D93A1D1DDEE2BD0074E00D /* ViewControllers */ = {
			isa = PBXGroup;
			children = (
				49D93A321DDF04220074E00D /* AZZJiraLoginViewController.h */,
				49D93A331DDF04220074E00D /* AZZJiraLoginViewController.m */,
				49D93A251DDEE93B0074E00D /* AZZJiraProjectsListViewController.h */,
				49D93A261DDEE93B0074E00D /* AZZJiraProjectsListViewController.m */,
			);
			name = ViewControllers;
			sourceTree = "<group>";
		};
		49D93A241DDEE51C0074E00D /* Model */ = {
			isa = PBXGroup;
			children = (
				49D93A211DDEE5180074E00D /* AZZJiraProjectsModel.h */,
				49D93A221DDEE5180074E00D /* AZZJiraProjectsModel.m */,
			);
			name = Model;
			sourceTree = "<group>";
		};
		49D93A281DDEFCEF0074E00D /* resources */ = {
			isa = PBXGroup;
			children = (
				49D93A291DDEFCEF0074E00D /* layout-placeholder.png */,
			);
			name = resources;
			path = Classes/resources;
			sourceTree = SOURCE_ROOT;
		};
		49D93A3B1DDF04410074E00D /* Network */ = {
			isa = PBXGroup;
			children = (
				49D93A3C1DDF04410074E00D /* AZZJiraClient.h */,
				49D93A3D1DDF04410074E00D /* AZZJiraClient.m */,
				49D93A3E1DDF04410074E00D /* AZZJiraConfiguration.h */,
			);
			name = Network;
			path = Classes/Network;
			sourceTree = SOURCE_ROOT;
		};
		49D93A3F1DDF04410074E00D /* TouchesCollector */ = {
			isa = PBXGroup;
			children = (
				49D93A401DDF04410074E00D /* AZZTouch.h */,
				49D93A411DDF04410074E00D /* AZZTouch.m */,
				49D93A421DDF04410074E00D /* AZZTouchesCollector.h */,
				49D93A431DDF04410074E00D /* AZZTouchesCollector.m */,
			);
			name = TouchesCollector;
			path = Classes/TouchesCollector;
			sourceTree = SOURCE_ROOT;
		};
		49ED14791DD452C90000207A = {
			isa = PBXGroup;
			children = (
				49ED14841DD452C90000207A /* BugReporter */,
				49ED14831DD452C90000207A /* Products */,
				137DFD94EB311CFF722A125D /* Pods */,
				432280B912E5E321E4AECF7C /* Frameworks */,
			);
			sourceTree = "<group>";
		};
		49ED14831DD452C90000207A /* Products */ = {
			isa = PBXGroup;
			children = (
				49ED14821DD452C90000207A /* BugReporter.app */,
			);
			name = Products;
			sourceTree = "<group>";
		};
		49ED14841DD452C90000207A /* BugReporter */ = {
			isa = PBXGroup;
			children = (
				49ED14881DD452C90000207A /* AppDelegate.h */,
				49ED14891DD452C90000207A /* AppDelegate.m */,
				49ED148B1DD452C90000207A /* ViewController.h */,
				49ED148C1DD452C90000207A /* ViewController.m */,
				49D93A0F1DDEABE90074E00D /* AZBugReporter */,
				49ED148E1DD452C90000207A /* Main.storyboard */,
				49ED14911DD452C90000207A /* Assets.xcassets */,
				49ED14931DD452C90000207A /* LaunchScreen.storyboard */,
				49ED14961DD452C90000207A /* Info.plist */,
				49ED14851DD452C90000207A /* Supporting Files */,
			);
			path = BugReporter;
			sourceTree = "<group>";
		};
		49ED14851DD452C90000207A /* Supporting Files */ = {
			isa = PBXGroup;
			children = (
				49ED14861DD452C90000207A /* main.m */,
			);
			name = "Supporting Files";
			sourceTree = "<group>";
		};
/* End PBXGroup section */

/* Begin PBXNativeTarget section */
		49ED14811DD452C90000207A /* BugReporter */ = {
			isa = PBXNativeTarget;
			buildConfigurationList = 49ED14991DD452C90000207A /* Build configuration list for PBXNativeTarget "BugReporter" */;
			buildPhases = (
				5AA3F2908CEF5F94AFB98E28 /* [CP] Check Pods Manifest.lock */,
				49ED147E1DD452C90000207A /* Sources */,
				49ED147F1DD452C90000207A /* Frameworks */,
				49ED14801DD452C90000207A /* Resources */,
				E3B7826AFBCF0430DDB0105E /* [CP] Embed Pods Frameworks */,
				F402934A76BDE13AE162019F /* [CP] Copy Pods Resources */,
			);
			buildRules = (
			);
			dependencies = (
			);
			name = BugReporter;
			productName = BugReporter;
			productReference = 49ED14821DD452C90000207A /* BugReporter.app */;
			productType = "com.apple.product-type.application";
		};
/* End PBXNativeTarget section */

/* Begin PBXProject section */
		49ED147A1DD452C90000207A /* Project object */ = {
			isa = PBXProject;
			attributes = {
				LastUpgradeCheck = 0810;
				ORGANIZATIONNAME = Andrew;
				TargetAttributes = {
					49ED14811DD452C90000207A = {
						CreatedOnToolsVersion = 8.1;
						DevelopmentTeam = LT4WKW32ZY;
						ProvisioningStyle = Automatic;
					};
				};
			};
			buildConfigurationList = 49ED147D1DD452C90000207A /* Build configuration list for PBXProject "BugReporter" */;
			compatibilityVersion = "Xcode 3.2";
			developmentRegion = English;
			hasScannedForEncodings = 0;
			knownRegions = (
				en,
				Base,
			);
			mainGroup = 49ED14791DD452C90000207A;
			productRefGroup = 49ED14831DD452C90000207A /* Products */;
			projectDirPath = "";
			projectRoot = "";
			targets = (
				49ED14811DD452C90000207A /* BugReporter */,
			);
		};
/* End PBXProject section */

/* Begin PBXResourcesBuildPhase section */
		49ED14801DD452C90000207A /* Resources */ = {
			isa = PBXResourcesBuildPhase;
			buildActionMask = 2147483647;
			files = (
				49ED14951DD452C90000207A /* LaunchScreen.storyboard in Resources */,
				49ED14921DD452C90000207A /* Assets.xcassets in Resources */,
				49ED14901DD452C90000207A /* Main.storyboard in Resources */,
				49D93A2A1DDEFCEF0074E00D /* layout-placeholder.png in Resources */,
			);
			runOnlyForDeploymentPostprocessing = 0;
		};
/* End PBXResourcesBuildPhase section */

/* Begin PBXShellScriptBuildPhase section */
		5AA3F2908CEF5F94AFB98E28 /* [CP] Check Pods Manifest.lock */ = {
			isa = PBXShellScriptBuildPhase;
			buildActionMask = 2147483647;
			files = (
			);
			inputPaths = (
			);
			name = "[CP] Check Pods Manifest.lock";
			outputPaths = (
			);
			runOnlyForDeploymentPostprocessing = 0;
			shellPath = /bin/sh;
			shellScript = "diff \"${PODS_ROOT}/../Podfile.lock\" \"${PODS_ROOT}/Manifest.lock\" > /dev/null\nif [ $? != 0 ] ; then\n    # print error to STDERR\n    echo \"error: The sandbox is not in sync with the Podfile.lock. Run 'pod install' or update your CocoaPods installation.\" >&2\n    exit 1\nfi\n";
			showEnvVarsInLog = 0;
		};
		E3B7826AFBCF0430DDB0105E /* [CP] Embed Pods Frameworks */ = {
			isa = PBXShellScriptBuildPhase;
			buildActionMask = 2147483647;
			files = (
			);
			inputPaths = (
			);
			name = "[CP] Embed Pods Frameworks";
			outputPaths = (
			);
			runOnlyForDeploymentPostprocessing = 0;
			shellPath = /bin/sh;
			shellScript = "\"${SRCROOT}/Pods/Target Support Files/Pods-BugReporter/Pods-BugReporter-frameworks.sh\"\n";
			showEnvVarsInLog = 0;
		};
		F402934A76BDE13AE162019F /* [CP] Copy Pods Resources */ = {
			isa = PBXShellScriptBuildPhase;
			buildActionMask = 2147483647;
			files = (
			);
			inputPaths = (
			);
			name = "[CP] Copy Pods Resources";
			outputPaths = (
			);
			runOnlyForDeploymentPostprocessing = 0;
			shellPath = /bin/sh;
			shellScript = "\"${SRCROOT}/Pods/Target Support Files/Pods-BugReporter/Pods-BugReporter-resources.sh\"\n";
			showEnvVarsInLog = 0;
		};
/* End PBXShellScriptBuildPhase section */

/* Begin PBXSourcesBuildPhase section */
		49ED147E1DD452C90000207A /* Sources */ = {
			isa = PBXSourcesBuildPhase;
			buildActionMask = 2147483647;
			files = (
				49ED148D1DD452C90000207A /* ViewController.m in Sources */,
				49ED148A1DD452C90000207A /* AppDelegate.m in Sources */,
				49ED14871DD452C90000207A /* main.m in Sources */,
				49D93A451DDF04410074E00D /* AZZTouch.m in Sources */,
				49D93A271DDEE93B0074E00D /* AZZJiraProjectsListViewController.m in Sources */,
				49D93A3A1DDF04340074E00D /* UIWindow+SendEvent.m in Sources */,
				49D93A391DDF04340074E00D /* AZZWindow.m in Sources */,
				49D93A441DDF04410074E00D /* AZZJiraClient.m in Sources */,
				49D93A341DDF04220074E00D /* AZZJiraLoginViewController.m in Sources */,
				4906DE631DE2C75900891D1E /* AZZJiraProjectListCell.m in Sources */,
				49D93A461DDF04410074E00D /* AZZTouchesCollector.m in Sources */,
				49D93A231DDEE5180074E00D /* AZZJiraProjectsModel.m in Sources */,
			);
			runOnlyForDeploymentPostprocessing = 0;
		};
/* End PBXSourcesBuildPhase section */

/* Begin PBXVariantGroup section */
		49ED148E1DD452C90000207A /* Main.storyboard */ = {
			isa = PBXVariantGroup;
			children = (
				49ED148F1DD452C90000207A /* Base */,
			);
			name = Main.storyboard;
			sourceTree = "<group>";
		};
		49ED14931DD452C90000207A /* LaunchScreen.storyboard */ = {
			isa = PBXVariantGroup;
			children = (
				49ED14941DD452C90000207A /* Base */,
			);
			name = LaunchScreen.storyboard;
			sourceTree = "<group>";
		};
/* End PBXVariantGroup section */

/* Begin XCBuildConfiguration section */
		49ED14971DD452C90000207A /* Debug */ = {
			isa = XCBuildConfiguration;
			buildSettings = {
				ALWAYS_SEARCH_USER_PATHS = NO;
				CLANG_ANALYZER_NONNULL = YES;
				CLANG_CXX_LANGUAGE_STANDARD = "gnu++0x";
				CLANG_CXX_LIBRARY = "libc++";
				CLANG_ENABLE_MODULES = YES;
				CLANG_ENABLE_OBJC_ARC = YES;
				CLANG_WARN_BOOL_CONVERSION = YES;
				CLANG_WARN_CONSTANT_CONVERSION = YES;
				CLANG_WARN_DIRECT_OBJC_ISA_USAGE = YES_ERROR;
				CLANG_WARN_DOCUMENTATION_COMMENTS = YES;
				CLANG_WARN_EMPTY_BODY = YES;
				CLANG_WARN_ENUM_CONVERSION = YES;
				CLANG_WARN_INFINITE_RECURSION = YES;
				CLANG_WARN_INT_CONVERSION = YES;
				CLANG_WARN_OBJC_ROOT_CLASS = YES_ERROR;
				CLANG_WARN_SUSPICIOUS_MOVE = YES;
				CLANG_WARN_SUSPICIOUS_MOVES = YES;
				CLANG_WARN_UNREACHABLE_CODE = YES;
				CLANG_WARN__DUPLICATE_METHOD_MATCH = YES;
				"CODE_SIGN_IDENTITY[sdk=iphoneos*]" = "iPhone Developer";
				COPY_PHASE_STRIP = NO;
				DEBUG_INFORMATION_FORMAT = dwarf;
				ENABLE_STRICT_OBJC_MSGSEND = YES;
				ENABLE_TESTABILITY = YES;
				GCC_C_LANGUAGE_STANDARD = gnu99;
				GCC_DYNAMIC_NO_PIC = NO;
				GCC_NO_COMMON_BLOCKS = YES;
				GCC_OPTIMIZATION_LEVEL = 0;
				GCC_PREPROCESSOR_DEFINITIONS = (
					"DEBUG=1",
					"$(inherited)",
				);
				GCC_WARN_64_TO_32_BIT_CONVERSION = YES;
				GCC_WARN_ABOUT_RETURN_TYPE = YES_ERROR;
				GCC_WARN_UNDECLARED_SELECTOR = YES;
				GCC_WARN_UNINITIALIZED_AUTOS = YES_AGGRESSIVE;
				GCC_WARN_UNUSED_FUNCTION = YES;
				GCC_WARN_UNUSED_VARIABLE = YES;
				IPHONEOS_DEPLOYMENT_TARGET = 8.0;
				MTL_ENABLE_DEBUG_INFO = YES;
				ONLY_ACTIVE_ARCH = YES;
				SDKROOT = iphoneos;
				TARGETED_DEVICE_FAMILY = "1,2";
			};
			name = Debug;
		};
		49ED14981DD452C90000207A /* Release */ = {
			isa = XCBuildConfiguration;
			buildSettings = {
				ALWAYS_SEARCH_USER_PATHS = NO;
				CLANG_ANALYZER_NONNULL = YES;
				CLANG_CXX_LANGUAGE_STANDARD = "gnu++0x";
				CLANG_CXX_LIBRARY = "libc++";
				CLANG_ENABLE_MODULES = YES;
				CLANG_ENABLE_OBJC_ARC = YES;
				CLANG_WARN_BOOL_CONVERSION = YES;
				CLANG_WARN_CONSTANT_CONVERSION = YES;
				CLANG_WARN_DIRECT_OBJC_ISA_USAGE = YES_ERROR;
				CLANG_WARN_DOCUMENTATION_COMMENTS = YES;
				CLANG_WARN_EMPTY_BODY = YES;
				CLANG_WARN_ENUM_CONVERSION = YES;
				CLANG_WARN_INFINITE_RECURSION = YES;
				CLANG_WARN_INT_CONVERSION = YES;
				CLANG_WARN_OBJC_ROOT_CLASS = YES_ERROR;
				CLANG_WARN_SUSPICIOUS_MOVE = YES;
				CLANG_WARN_SUSPICIOUS_MOVES = YES;
				CLANG_WARN_UNREACHABLE_CODE = YES;
				CLANG_WARN__DUPLICATE_METHOD_MATCH = YES;
				"CODE_SIGN_IDENTITY[sdk=iphoneos*]" = "iPhone Developer";
				COPY_PHASE_STRIP = NO;
				DEBUG_INFORMATION_FORMAT = "dwarf-with-dsym";
				ENABLE_NS_ASSERTIONS = NO;
				ENABLE_STRICT_OBJC_MSGSEND = YES;
				GCC_C_LANGUAGE_STANDARD = gnu99;
				GCC_NO_COMMON_BLOCKS = YES;
				GCC_WARN_64_TO_32_BIT_CONVERSION = YES;
				GCC_WARN_ABOUT_RETURN_TYPE = YES_ERROR;
				GCC_WARN_UNDECLARED_SELECTOR = YES;
				GCC_WARN_UNINITIALIZED_AUTOS = YES_AGGRESSIVE;
				GCC_WARN_UNUSED_FUNCTION = YES;
				GCC_WARN_UNUSED_VARIABLE = YES;
				IPHONEOS_DEPLOYMENT_TARGET = 8.0;
				MTL_ENABLE_DEBUG_INFO = NO;
				SDKROOT = iphoneos;
				TARGETED_DEVICE_FAMILY = "1,2";
				VALIDATE_PRODUCT = YES;
			};
			name = Release;
		};
		49ED149A1DD452C90000207A /* Debug */ = {
			isa = XCBuildConfiguration;
			baseConfigurationReference = 33FB23EE2FA9F0F9266DE158 /* Pods-BugReporter.debug.xcconfig */;
			buildSettings = {
				ASSETCATALOG_COMPILER_APPICON_NAME = AppIcon;
				DEVELOPMENT_TEAM = LT4WKW32ZY;
				INFOPLIST_FILE = BugReporter/Info.plist;
				IPHONEOS_DEPLOYMENT_TARGET = 8.0;
				LD_RUNPATH_SEARCH_PATHS = "$(inherited) @executable_path/Frameworks";
				PRODUCT_BUNDLE_IDENTIFIER = com.andrew.BugReporter;
				PRODUCT_NAME = "$(TARGET_NAME)";
			};
			name = Debug;
		};
		49ED149B1DD452C90000207A /* Release */ = {
			isa = XCBuildConfiguration;
			baseConfigurationReference = 8957BAEEAE49460388B3B423 /* Pods-BugReporter.release.xcconfig */;
			buildSettings = {
				ASSETCATALOG_COMPILER_APPICON_NAME = AppIcon;
				DEVELOPMENT_TEAM = LT4WKW32ZY;
				INFOPLIST_FILE = BugReporter/Info.plist;
				IPHONEOS_DEPLOYMENT_TARGET = 8.0;
				LD_RUNPATH_SEARCH_PATHS = "$(inherited) @executable_path/Frameworks";
				PRODUCT_BUNDLE_IDENTIFIER = com.andrew.BugReporter;
				PRODUCT_NAME = "$(TARGET_NAME)";
			};
			name = Release;
		};
/* End XCBuildConfiguration section */

/* Begin XCConfigurationList section */
		49ED147D1DD452C90000207A /* Build configuration list for PBXProject "BugReporter" */ = {
			isa = XCConfigurationList;
			buildConfigurations = (
				49ED14971DD452C90000207A /* Debug */,
				49ED14981DD452C90000207A /* Release */,
			);
			defaultConfigurationIsVisible = 0;
			defaultConfigurationName = Release;
		};
		49ED14991DD452C90000207A /* Build configuration list for PBXNativeTarget "BugReporter" */ = {
			isa = XCConfigurationList;
			buildConfigurations = (
				49ED149A1DD452C90000207A /* Debug */,
				49ED149B1DD452C90000207A /* Release */,
			);
			defaultConfigurationIsVisible = 0;
			defaultConfigurationName = Release;
		};
/* End XCConfigurationList section */
	};
	rootObject = 49ED147A1DD452C90000207A /* Project object */;
}
