PODS:
  - AFNetworking (3.1.0):
    - AFNetworking/NSURLSession (= 3.1.0)
    - AFNetworking/Reachability (= 3.1.0)
    - AFNetworking/Security (= 3.1.0)
    - AFNetworking/Serialization (= 3.1.0)
    - AFNetworking/UIKit (= 3.1.0)
  - AFNetworking/NSURLSession (3.1.0):
    - AFNetworking/Reachability
    - AFNetworking/Security
    - AFNetworking/Serialization
  - AFNetworking/Reachability (3.1.0)
  - AFNetworking/Security (3.1.0)
  - AFNetworking/Serialization (3.1.0)
  - AFNetworking/UIKit (3.1.0):
    - AFNetworking/NSURLSession
  - DACircularProgress (2.3.1)
  - IQKeyboardManager (4.0.7)
  - Mantle (2.1.0):
    - Mantle/extobjc (= 2.1.0)
  - Mantle/extobjc (2.1.0)
  - Masonry (1.0.2)
  - MBProgressHUD (1.0.0)
  - MWPhotoBrowser (1.2.1):
    - DACircularProgress
    - MBProgressHUD
    - PSTCollectionView (~> 1.2)
    - SDWebImage (~> 3.5)
  - PSTCollectionView (1.2.3)
  - SAMKeychain (1.5.2)
  - SDWebImage (3.8.2):
    - SDWebImage/Core (= 3.8.2)
  - SDWebImage/Core (3.8.2)
  - UITableView+FDTemplateLayoutCell (1.5.beta)

DEPENDENCIES:
  - AFNetworking (~> 3.1.0)
  - IQKeyboardManager (~> 4.0.7)
  - Mantle (~> 2.1.0)
  - Masonry (~> 1.0.2)
  - MBProgressHUD (~> 1.0.0)
  - MWPhotoBrowser
  - SAMKeychain
  - SDWebImage
  - UITableView+FDTemplateLayoutCell (~> 1.5.beta)

SPEC CHECKSUMS:
  AFNetworking: 5e0e199f73d8626b11e79750991f5d173d1f8b67
  DACircularProgress: 4dd437c0fc3da5161cb289e07ac449493d41db71
  IQKeyboardManager: 69002bb4fea60596b710e57d426abc00e5063630
  Mantle: 2fa750afa478cd625a94230fbf1c13462f29395b
  Masonry: 7c429b56da9d4ee0bbb3ed77a5ea710d6a5df39e
  MBProgressHUD: 4890f671c94e8a0f3cf959aa731e9de2f036d71a
  MWPhotoBrowser: 7087b4c828297ef34ff2b0892c8e967034a86842
  PSTCollectionView: 6749df92885353521f55279a7ce2b293762e2be4
  SAMKeychain: 1865333198217411f35327e8da61b43de79b635b
  SDWebImage: 098e97e6176540799c27e804c96653ee0833d13c
  UITableView+FDTemplateLayoutCell: 02b508ab1cb4cea16a8c17ac83d2cd1fd72124f9

PODFILE CHECKSUM: 53c90d92a4a76b32169abe2fa9ae7bedecba6b32

COCOAPODS: 1.1.0.rc.2
